// !$*UTF8*$!
{
	archiveVersion = 1;
	classes = {
	};
	objectVersion = 46;
	objects = {

/* Begin PBXBuildFile section */
		BF296AC31D10C3F100B01F0A /* AppDelegate.swift in Sources */ = {isa = PBXBuildFile; fileRef = BF296AC21D10C3F100B01F0A /* AppDelegate.swift */; };
		BF296AC51D10C3F100B01F0A /* ViewController.swift in Sources */ = {isa = PBXBuildFile; fileRef = BF296AC41D10C3F100B01F0A /* ViewController.swift */; };
		BF296AC81D10C3F100B01F0A /* Main.storyboard in Resources */ = {isa = PBXBuildFile; fileRef = BF296AC61D10C3F100B01F0A /* Main.storyboard */; };
		BF296ACA1D10C3F100B01F0A /* Assets.xcassets in Resources */ = {isa = PBXBuildFile; fileRef = BF296AC91D10C3F100B01F0A /* Assets.xcassets */; };
		BF296ACD1D10C3F100B01F0A /* LaunchScreen.storyboard in Resources */ = {isa = PBXBuildFile; fileRef = BF296ACB1D10C3F100B01F0A /* LaunchScreen.storyboard */; };
		BF296AD51D10C52B00B01F0A /* CollectionViewCell.swift in Sources */ = {isa = PBXBuildFile; fileRef = BF296AD41D10C52B00B01F0A /* CollectionViewCell.swift */; };
/* End PBXBuildFile section */

/* Begin PBXFileReference section */
		BF296ABF1D10C3F100B01F0A /* CollectionViews.app */ = {isa = PBXFileReference; explicitFileType = wrapper.application; includeInIndex = 0; path = CollectionViews.app; sourceTree = BUILT_PRODUCTS_DIR; };
		BF296AC21D10C3F100B01F0A /* AppDelegate.swift */ = {isa = PBXFileReference; lastKnownFileType = sourcecode.swift; path = AppDelegate.swift; sourceTree = "<group>"; };
		BF296AC41D10C3F100B01F0A /* ViewController.swift */ = {isa = PBXFileReference; lastKnownFileType = sourcecode.swift; path = ViewController.swift; sourceTree = "<group>"; };
		BF296AC71D10C3F100B01F0A /* Base */ = {isa = PBXFileReference; lastKnownFileType = file.storyboard; name = Base; path = Base.lproj/Main.storyboard; sourceTree = "<group>"; };
		BF296AC91D10C3F100B01F0A /* Assets.xcassets */ = {isa = PBXFileReference; lastKnownFileType = folder.assetcatalog; path = Assets.xcassets; sourceTree = "<group>"; };
		BF296ACC1D10C3F100B01F0A /* Base */ = {isa = PBXFileReference; lastKnownFileType = file.storyboard; name = Base; path = Base.lproj/LaunchScreen.storyboard; sourceTree = "<group>"; };
		BF296ACE1D10C3F100B01F0A /* Info.plist */ = {isa = PBXFileReference; lastKnownFileType = text.plist.xml; path = Info.plist; sourceTree = "<group>"; };
		BF296AD41D10C52B00B01F0A /* CollectionViewCell.swift */ = {isa = PBXFileReference; fileEncoding = 4; lastKnownFileType = sourcecode.swift; path = CollectionViewCell.swift; sourceTree = "<group>"; };
/* End PBXFileReference section */

/* Begin PBXFrameworksBuildPhase section */
		BF296ABC1D10C3F100B01F0A /* Frameworks */ = {
			isa = PBXFrameworksBuildPhase;
			buildActionMask = 2147483647;
			files = (
			);
			runOnlyForDeploymentPostprocessing = 0;
		};
/* End PBXFrameworksBuildPhase section */

/* Begin PBXGroup section */
		BF296AB61D10C3F100B01F0A = {
			isa = PBXGroup;
			children = (
				BF296AC11D10C3F100B01F0A /* CollectionViews */,
				BF296AC01D10C3F100B01F0A /* Products */,
			);
			sourceTree = "<group>";
		};
		BF296AC01D10C3F100B01F0A /* Products */ = {
			isa = PBXGroup;
			children = (
				BF296ABF1D10C3F100B01F0A /* CollectionViews.app */,
			);
			name = Products;
			sourceTree = "<group>";
		};
		BF296AC11D10C3F100B01F0A /* CollectionViews */ = {
			isa = PBXGroup;
			children = (
				BF296AC21D10C3F100B01F0A /* AppDelegate.swift */,
				BF296AC41D10C3F100B01F0A /* ViewController.swift */,
				BF296AD41D10C52B00B01F0A /* CollectionViewCell.swift */,
				BF296AC61D10C3F100B01F0A /* Main.storyboard */,
				BF296AC91D10C3F100B01F0A /* Assets.xcassets */,
				BF296ACB1D10C3F100B01F0A /* LaunchScreen.storyboard */,
				BF296ACE1D10C3F100B01F0A /* Info.plist */,
			);
			path = CollectionViews;
			sourceTree = "<group>";
		};
/* End PBXGroup section */

/* Begin PBXNativeTarget section */
		BF296ABE1D10C3F100B01F0A /* CollectionViews */ = {
			isa = PBXNativeTarget;
			buildConfigurationList = BF296AD11D10C3F100B01F0A /* Build configuration list for PBXNativeTarget "CollectionViews" */;
			buildPhases = (
				BF296ABB1D10C3F100B01F0A /* Sources */,
				BF296ABC1D10C3F100B01F0A /* Frameworks */,
				BF296ABD1D10C3F100B01F0A /* Resources */,
			);
			buildRules = (
			);
			dependencies = (
			);
			name = CollectionViews;
			productName = CollectionViews;
			productReference = BF296ABF1D10C3F100B01F0A /* CollectionViews.app */;
			productType = "com.apple.product-type.application";
		};
/* End PBXNativeTarget section */

/* Begin PBXProject section */
		BF296AB71D10C3F100B01F0A /* Project object */ = {
			isa = PBXProject;
			attributes = {
				LastSwiftUpdateCheck = 0730;
				LastUpgradeCheck = 0730;
				ORGANIZATIONNAME = "Charles Kang";
				TargetAttributes = {
					BF296ABE1D10C3F100B01F0A = {
						CreatedOnToolsVersion = 7.3.1;
					};
				};
			};
			buildConfigurationList = BF296ABA1D10C3F100B01F0A /* Build configuration list for PBXProject "CollectionViews" */;
			compatibilityVersion = "Xcode 3.2";
			developmentRegion = English;
			hasScannedForEncodings = 0;
			knownRegions = (
				en,
				Base,
			);
			mainGroup = BF296AB61D10C3F100B01F0A;
			productRefGroup = BF296AC01D10C3F100B01F0A /* Products */;
			projectDirPath = "";
			projectRoot = "";
			targets = (
				BF296ABE1D10C3F100B01F0A /* CollectionViews */,
			);
		};
/* End PBXProject section */

/* Begin PBXResourcesBuildPhase section */
		BF296ABD1D10C3F100B01F0A /* Resources */ = {
			isa = PBXResourcesBuildPhase;
			buildActionMask = 2147483647;
			files = (
				BF296ACD1D10C3F100B01F0A /* LaunchScreen.storyboard in Resources */,
				BF296ACA1D10C3F100B01F0A /* Assets.xcassets in Resources */,
				BF296AC81D10C3F100B01F0A /* Main.storyboard in Resources */,
			);
			runOnlyForDeploymentPostprocessing = 0;
		};
/* End PBXResourcesBuildPhase section */

/* Begin PBXSourcesBuildPhase section */
		BF296ABB1D10C3F100B01F0A /* Sources */ = {
			isa = PBXSourcesBuildPhase;
			buildActionMask = 2147483647;
			files = (
				BF296AC51D10C3F100B01F0A /* ViewController.swift in Sources */,
				BF296AC31D10C3F100B01F0A /* AppDelegate.swift in Sources */,
				BF296AD51D10C52B00B01F0A /* CollectionViewCell.swift in Sources */,
			);
			runOnlyForDeploymentPostprocessing = 0;
		};
/* End PBXSourcesBuildPhase section */

/* Begin PBXVariantGroup section */
		BF296AC61D10C3F100B01F0A /* Main.storyboard */ = {
			isa = PBXVariantGroup;
			children = (
				BF296AC71D10C3F100B01F0A /* Base */,
			);
			name = Main.storyboard;
			sourceTree = "<group>";
		};
		BF296ACB1D10C3F100B01F0A /* LaunchScreen.storyboard */ = {
			isa = PBXVariantGroup;
			children = (
				BF296ACC1D10C3F100B01F0A /* Base */,
			);
			name = LaunchScreen.storyboard;
			sourceTree = "<group>";
		};
/* End PBXVariantGroup section */

/* Begin XCBuildConfiguration section */
		BF296ACF1D10C3F100B01F0A /* Debug */ = {
			isa = XCBuildConfiguration;
			buildSettings = {
				ALWAYS_SEARCH_USER_PATHS = NO;
				CLANG_ANALYZER_NONNULL = YES;
				CLANG_CXX_LANGUAGE_STANDARD = "gnu++0x";
				CLANG_CXX_LIBRARY = "libc++";
				CLANG_ENABLE_MODULES = YES;
				CLANG_ENABLE_OBJC_ARC = YES;
				CLANG_WARN_BOOL_CONVERSION = YES;
				CLANG_WARN_CONSTANT_CONVERSION = YES;
				CLANG_WARN_DIRECT_OBJC_ISA_USAGE = YES_ERROR;
				CLANG_WARN_EMPTY_BODY = YES;
				CLANG_WARN_ENUM_CONVERSION = YES;
				CLANG_WARN_INT_CONVERSION = YES;
				CLANG_WARN_OBJC_ROOT_CLASS = YES_ERROR;
				CLANG_WARN_UNREACHABLE_CODE = YES;
				CLANG_WARN__DUPLICATE_METHOD_MATCH = YES;
				"CODE_SIGN_IDENTITY[sdk=iphoneos*]" = "iPhone Developer";
				COPY_PHASE_STRIP = NO;
				DEBUG_INFORMATION_FORMAT = dwarf;
				ENABLE_STRICT_OBJC_MSGSEND = YES;
				ENABLE_TESTABILITY = YES;
				GCC_C_LANGUAGE_STANDARD = gnu99;
				GCC_DYNAMIC_NO_PIC = NO;
				GCC_NO_COMMON_BLOCKS = YES;
				GCC_OPTIMIZATION_LEVEL = 0;
				GCC_PREPROCESSOR_DEFINITIONS = (
					"DEBUG=1",
					"$(inherited)",
				);
				GCC_WARN_64_TO_32_BIT_CONVERSION = YES;
				GCC_WARN_ABOUT_RETURN_TYPE = YES_ERROR;
				GCC_WARN_UNDECLARED_SELECTOR = YES;
				GCC_WARN_UNINITIALIZED_AUTOS = YES_AGGRESSIVE;
				GCC_WARN_UNUSED_FUNCTION = YES;
				GCC_WARN_UNUSED_VARIABLE = YES;
				IPHONEOS_DEPLOYMENT_TARGET = 9.3;
				MTL_ENABLE_DEBUG_INFO = YES;
				ONLY_ACTIVE_ARCH = YES;
				SDKROOT = iphoneos;
				SWIFT_OPTIMIZATION_LEVEL = "-Onone";
			};
			name = Debug;
		};
		BF296AD01D10C3F100B01F0A /* Release */ = {
			isa = XCBuildConfiguration;
			buildSettings = {
				ALWAYS_SEARCH_USER_PATHS = NO;
				CLANG_ANALYZER_NONNULL = YES;
				CLANG_CXX_LANGUAGE_STANDARD = "gnu++0x";
				CLANG_CXX_LIBRARY = "libc++";
				CLANG_ENABLE_MODULES = YES;
				CLANG_ENABLE_OBJC_ARC = YES;
				CLANG_WARN_BOOL_CONVERSION = YES;
				CLANG_WARN_CONSTANT_CONVERSION = YES;
				CLANG_WARN_DIRECT_OBJC_ISA_USAGE = YES_ERROR;
				CLANG_WARN_EMPTY_BODY = YES;
				CLANG_WARN_ENUM_CONVERSION = YES;
				CLANG_WARN_INT_CONVERSION = YES;
				CLANG_WARN_OBJC_ROOT_CLASS = YES_ERROR;
				CLANG_WARN_UNREACHABLE_CODE = YES;
				CLANG_WARN__DUPLICATE_METHOD_MATCH = YES;
				"CODE_SIGN_IDENTITY[sdk=iphoneos*]" = "iPhone Developer";
				COPY_PHASE_STRIP = NO;
				DEBUG_INFORMATION_FORMAT = "dwarf-with-dsym";
				ENABLE_NS_ASSERTIONS = NO;
				ENABLE_STRICT_OBJC_MSGSEND = YES;
				GCC_C_LANGUAGE_STANDARD = gnu99;
				GCC_NO_COMMON_BLOCKS = YES;
				GCC_WARN_64_TO_32_BIT_CONVERSION = YES;
				GCC_WARN_ABOUT_RETURN_TYPE = YES_ERROR;
				GCC_WARN_UNDECLARED_SELECTOR = YES;
				GCC_WARN_UNINITIALIZED_AUTOS = YES_AGGRESSIVE;
				GCC_WARN_UNUSED_FUNCTION = YES;
				GCC_WARN_UNUSED_VARIABLE = YES;
				IPHONEOS_DEPLOYMENT_TARGET = 9.3;
				MTL_ENABLE_DEBUG_INFO = NO;
				SDKROOT = iphoneos;
				VALIDATE_PRODUCT = YES;
			};
			name = Release;
		};
		BF296AD21D10C3F100B01F0A /* Debug */ = {
			isa = XCBuildConfiguration;
			buildSettings = {
				ASSETCATALOG_COMPILER_APPICON_NAME = AppIcon;
				INFOPLIST_FILE = CollectionViews/Info.plist;
				LD_RUNPATH_SEARCH_PATHS = "$(inherited) @executable_path/Frameworks";
				PRODUCT_BUNDLE_IDENTIFIER = com.charleshkang.CollectionViews;
				PRODUCT_NAME = "$(TARGET_NAME)";
			};
			name = Debug;
		};
		BF296AD31D10C3F100B01F0A /* Release */ = {
			isa = XCBuildConfiguration;
			buildSettings = {
				ASSETCATALOG_COMPILER_APPICON_NAME = AppIcon;
				INFOPLIST_FILE = CollectionViews/Info.plist;
				LD_RUNPATH_SEARCH_PATHS = "$(inherited) @executable_path/Frameworks";
				PRODUCT_BUNDLE_IDENTIFIER = com.charleshkang.CollectionViews;
				PRODUCT_NAME = "$(TARGET_NAME)";
			};
			name = Release;
		};
/* End XCBuildConfiguration section */

/* Begin XCConfigurationList section */
		BF296ABA1D10C3F100B01F0A /* Build configuration list for PBXProject "CollectionViews" */ = {
			isa = XCConfigurationList;
			buildConfigurations = (
				BF296ACF1D10C3F100B01F0A /* Debug */,
				BF296AD01D10C3F100B01F0A /* Release */,
			);
			defaultConfigurationIsVisible = 0;
			defaultConfigurationName = Release;
		};
		BF296AD11D10C3F100B01F0A /* Build configuration list for PBXNativeTarget "CollectionViews" */ = {
			isa = XCConfigurationList;
			buildConfigurations = (
				BF296AD21D10C3F100B01F0A /* Debug */,
				BF296AD31D10C3F100B01F0A /* Release */,
			);
			defaultConfigurationIsVisible = 0;
		};
/* End XCConfigurationList section */
	};
	rootObject = BF296AB71D10C3F100B01F0A /* Project object */;
}
